// !$*UTF8*$!
{
	archiveVersion = 1;
	classes = {
	};
	objectVersion = 48;
	objects = {

/* Begin PBXBuildFile section */
		A461BB892161E9AC000D635D /* AppDelegate.swift in Sources */ = {isa = PBXBuildFile; fileRef = A461BB882161E9AC000D635D /* AppDelegate.swift */; };
		A461BB8B2161E9AC000D635D /* ViewController.swift in Sources */ = {isa = PBXBuildFile; fileRef = A461BB8A2161E9AC000D635D /* ViewController.swift */; };
		A461BB8E2161E9AC000D635D /* Main.storyboard in Resources */ = {isa = PBXBuildFile; fileRef = A461BB8C2161E9AC000D635D /* Main.storyboard */; };
		A461BB902161E9AC000D635D /* Assets.xcassets in Resources */ = {isa = PBXBuildFile; fileRef = A461BB8F2161E9AC000D635D /* Assets.xcassets */; };
		A461BB932161E9AC000D635D /* LaunchScreen.storyboard in Resources */ = {isa = PBXBuildFile; fileRef = A461BB912161E9AC000D635D /* LaunchScreen.storyboard */; };
/* End PBXBuildFile section */

/* Begin PBXFileReference section */
		A461BB852161E9AC000D635D /* stickyHeaderScrollView.app */ = {isa = PBXFileReference; explicitFileType = wrapper.application; includeInIndex = 0; path = stickyHeaderScrollView.app; sourceTree = BUILT_PRODUCTS_DIR; };
		A461BB882161E9AC000D635D /* AppDelegate.swift */ = {isa = PBXFileReference; lastKnownFileType = sourcecode.swift; path = AppDelegate.swift; sourceTree = "<group>"; };
		A461BB8A2161E9AC000D635D /* ViewController.swift */ = {isa = PBXFileReference; lastKnownFileType = sourcecode.swift; path = ViewController.swift; sourceTree = "<group>"; };
		A461BB8D2161E9AC000D635D /* Base */ = {isa = PBXFileReference; lastKnownFileType = file.storyboard; name = Base; path = Base.lproj/Main.storyboard; sourceTree = "<group>"; };
		A461BB8F2161E9AC000D635D /* Assets.xcassets */ = {isa = PBXFileReference; lastKnownFileType = folder.assetcatalog; path = Assets.xcassets; sourceTree = "<group>"; };
		A461BB922161E9AC000D635D /* Base */ = {isa = PBXFileReference; lastKnownFileType = file.storyboard; name = Base; path = Base.lproj/LaunchScreen.storyboard; sourceTree = "<group>"; };
		A461BB942161E9AC000D635D /* Info.plist */ = {isa = PBXFileReference; lastKnownFileType = text.plist.xml; path = Info.plist; sourceTree = "<group>"; };
/* End PBXFileReference section */

/* Begin PBXFrameworksBuildPhase section */
		A461BB822161E9AC000D635D /* Frameworks */ = {
			isa = PBXFrameworksBuildPhase;
			buildActionMask = 2147483647;
			files = (
			);
			runOnlyForDeploymentPostprocessing = 0;
		};
/* End PBXFrameworksBuildPhase section */

/* Begin PBXGroup section */
		A461BB7C2161E9AC000D635D = {
			isa = PBXGroup;
			children = (
				A461BB872161E9AC000D635D /* stickyHeaderScrollView */,
				A461BB862161E9AC000D635D /* Products */,
			);
			sourceTree = "<group>";
		};
		A461BB862161E9AC000D635D /* Products */ = {
			isa = PBXGroup;
			children = (
				A461BB852161E9AC000D635D /* stickyHeaderScrollView.app */,
			);
			name = Products;
			sourceTree = "<group>";
		};
		A461BB872161E9AC000D635D /* stickyHeaderScrollView */ = {
			isa = PBXGroup;
			children = (
				A461BB882161E9AC000D635D /* AppDelegate.swift */,
				A461BB8A2161E9AC000D635D /* ViewController.swift */,
				A461BB8C2161E9AC000D635D /* Main.storyboard */,
				A461BB8F2161E9AC000D635D /* Assets.xcassets */,
				A461BB912161E9AC000D635D /* LaunchScreen.storyboard */,
				A461BB942161E9AC000D635D /* Info.plist */,
			);
			path = stickyHeaderScrollView;
			sourceTree = "<group>";
		};
/* End PBXGroup section */

/* Begin PBXNativeTarget section */
		A461BB842161E9AC000D635D /* stickyHeaderScrollView */ = {
			isa = PBXNativeTarget;
			buildConfigurationList = A461BB972161E9AC000D635D /* Build configuration list for PBXNativeTarget "stickyHeaderScrollView" */;
			buildPhases = (
				A461BB812161E9AC000D635D /* Sources */,
				A461BB822161E9AC000D635D /* Frameworks */,
				A461BB832161E9AC000D635D /* Resources */,
			);
			buildRules = (
			);
			dependencies = (
			);
			name = stickyHeaderScrollView;
			productName = stickyHeaderScrollView;
			productReference = A461BB852161E9AC000D635D /* stickyHeaderScrollView.app */;
			productType = "com.apple.product-type.application";
		};
/* End PBXNativeTarget section */

/* Begin PBXProject section */
		A461BB7D2161E9AC000D635D /* Project object */ = {
			isa = PBXProject;
			attributes = {
				LastSwiftUpdateCheck = 0920;
				LastUpgradeCheck = 0920;
				ORGANIZATIONNAME = "AFFIXUS IMAC1";
				TargetAttributes = {
					A461BB842161E9AC000D635D = {
						CreatedOnToolsVersion = 9.2;
						ProvisioningStyle = Automatic;
					};
				};
			};
			buildConfigurationList = A461BB802161E9AC000D635D /* Build configuration list for PBXProject "stickyHeaderScrollView" */;
			compatibilityVersion = "Xcode 8.0";
			developmentRegion = en;
			hasScannedForEncodings = 0;
			knownRegions = (
				en,
				Base,
			);
			mainGroup = A461BB7C2161E9AC000D635D;
			productRefGroup = A461BB862161E9AC000D635D /* Products */;
			projectDirPath = "";
			projectRoot = "";
			targets = (
				A461BB842161E9AC000D635D /* stickyHeaderScrollView */,
			);
		};
/* End PBXProject section */

/* Begin PBXResourcesBuildPhase section */
		A461BB832161E9AC000D635D /* Resources */ = {
			isa = PBXResourcesBuildPhase;
			buildActionMask = 2147483647;
			files = (
				A461BB932161E9AC000D635D /* LaunchScreen.storyboard in Resources */,
				A461BB902161E9AC000D635D /* Assets.xcassets in Resources */,
				A461BB8E2161E9AC000D635D /* Main.storyboard in Resources */,
			);
			runOnlyForDeploymentPostprocessing = 0;
		};
/* End PBXResourcesBuildPhase section */

/* Begin PBXSourcesBuildPhase section */
		A461BB812161E9AC000D635D /* Sources */ = {
			isa = PBXSourcesBuildPhase;
			buildActionMask = 2147483647;
			files = (
				A461BB8B2161E9AC000D635D /* ViewController.swift in Sources */,
				A461BB892161E9AC000D635D /* AppDelegate.swift in Sources */,
			);
			runOnlyForDeploymentPostprocessing = 0;
		};
/* End PBXSourcesBuildPhase section */

/* Begin PBXVariantGroup section */
		A461BB8C2161E9AC000D635D /* Main.storyboard */ = {
			isa = PBXVariantGroup;
			children = (
				A461BB8D2161E9AC000D635D /* Base */,
			);
			name = Main.storyboard;
			sourceTree = "<group>";
		};
		A461BB912161E9AC000D635D /* LaunchScreen.storyboard */ = {
			isa = PBXVariantGroup;
			children = (
				A461BB922161E9AC000D635D /* Base */,
			);
			name = LaunchScreen.storyboard;
			sourceTree = "<group>";
		};
/* End PBXVariantGroup section */

/* Begin XCBuildConfiguration section */
		A461BB952161E9AC000D635D /* Debug */ = {
			isa = XCBuildConfiguration;
			buildSettings = {
				ALWAYS_SEARCH_USER_PATHS = NO;
				CLANG_ANALYZER_NONNULL = YES;
				CLANG_ANALYZER_NUMBER_OBJECT_CONVERSION = YES_AGGRESSIVE;
				CLANG_CXX_LANGUAGE_STANDARD = "gnu++14";
				CLANG_CXX_LIBRARY = "libc++";
				CLANG_ENABLE_MODULES = YES;
				CLANG_ENABLE_OBJC_ARC = YES;
				CLANG_WARN_BLOCK_CAPTURE_AUTORELEASING = YES;
				CLANG_WARN_BOOL_CONVERSION = YES;
				CLANG_WARN_COMMA = YES;
				CLANG_WARN_CONSTANT_CONVERSION = YES;
				CLANG_WARN_DIRECT_OBJC_ISA_USAGE = YES_ERROR;
				CLANG_WARN_DOCUMENTATION_COMMENTS = YES;
				CLANG_WARN_EMPTY_BODY = YES;
				CLANG_WARN_ENUM_CONVERSION = YES;
				CLANG_WARN_INFINITE_RECURSION = YES;
				CLANG_WARN_INT_CONVERSION = YES;
				CLANG_WARN_NON_LITERAL_NULL_CONVERSION = YES;
				CLANG_WARN_OBJC_LITERAL_CONVERSION = YES;
				CLANG_WARN_OBJC_ROOT_CLASS = YES_ERROR;
				CLANG_WARN_RANGE_LOOP_ANALYSIS = YES;
				CLANG_WARN_STRICT_PROTOTYPES = YES;
				CLANG_WARN_SUSPICIOUS_MOVE = YES;
				CLANG_WARN_UNGUARDED_AVAILABILITY = YES_AGGRESSIVE;
				CLANG_WARN_UNREACHABLE_CODE = YES;
				CLANG_WARN__DUPLICATE_METHOD_MATCH = YES;
				CODE_SIGN_IDENTITY = "iPhone Developer";
				COPY_PHASE_STRIP = NO;
				DEBUG_INFORMATION_FORMAT = dwarf;
				ENABLE_STRICT_OBJC_MSGSEND = YES;
				ENABLE_TESTABILITY = YES;
				GCC_C_LANGUAGE_STANDARD = gnu11;
				GCC_DYNAMIC_NO_PIC = NO;
				GCC_NO_COMMON_BLOCKS = YES;
				GCC_OPTIMIZATION_LEVEL = 0;
				GCC_PREPROCESSOR_DEFINITIONS = (
					"DEBUG=1",
					"$(inherited)",
				);
				GCC_WARN_64_TO_32_BIT_CONVERSION = YES;
				GCC_WARN_ABOUT_RETURN_TYPE = YES_ERROR;
				GCC_WARN_UNDECLARED_SELECTOR = YES;
				GCC_WARN_UNINITIALIZED_AUTOS = YES_AGGRESSIVE;
				GCC_WARN_UNUSED_FUNCTION = YES;
				GCC_WARN_UNUSED_VARIABLE = YES;
				IPHONEOS_DEPLOYMENT_TARGET = 11.2;
				MTL_ENABLE_DEBUG_INFO = YES;
				ONLY_ACTIVE_ARCH = YES;
				SDKROOT = iphoneos;
				SWIFT_ACTIVE_COMPILATION_CONDITIONS = DEBUG;
				SWIFT_OPTIMIZATION_LEVEL = "-Onone";
			};
			name = Debug;
		};
		A461BB962161E9AC000D635D /* Release */ = {
			isa = XCBuildConfiguration;
			buildSettings = {
				ALWAYS_SEARCH_USER_PATHS = NO;
				CLANG_ANALYZER_NONNULL = YES;
				CLANG_ANALYZER_NUMBER_OBJECT_CONVERSION = YES_AGGRESSIVE;
				CLANG_CXX_LANGUAGE_STANDARD = "gnu++14";
				CLANG_CXX_LIBRARY = "libc++";
				CLANG_ENABLE_MODULES = YES;
				CLANG_ENABLE_OBJC_ARC = YES;
				CLANG_WARN_BLOCK_CAPTURE_AUTORELEASING = YES;
				CLANG_WARN_BOOL_CONVERSION = YES;
				CLANG_WARN_COMMA = YES;
				CLANG_WARN_CONSTANT_CONVERSION = YES;
				CLANG_WARN_DIRECT_OBJC_ISA_USAGE = YES_ERROR;
				CLANG_WARN_DOCUMENTATION_COMMENTS = YES;
				CLANG_WARN_EMPTY_BODY = YES;
				CLANG_WARN_ENUM_CONVERSION = YES;
				CLANG_WARN_INFINITE_RECURSION = YES;
				CLANG_WARN_INT_CONVERSION = YES;
				CLANG_WARN_NON_LITERAL_NULL_CONVERSION = YES;
				CLANG_WARN_OBJC_LITERAL_CONVERSION = YES;
				CLANG_WARN_OBJC_ROOT_CLASS = YES_ERROR;
				CLANG_WARN_RANGE_LOOP_ANALYSIS = YES;
				CLANG_WARN_STRICT_PROTOTYPES = YES;
				CLANG_WARN_SUSPICIOUS_MOVE = YES;
				CLANG_WARN_UNGUARDED_AVAILABILITY = YES_AGGRESSIVE;
				CLANG_WARN_UNREACHABLE_CODE = YES;
				CLANG_WARN__DUPLICATE_METHOD_MATCH = YES;
				CODE_SIGN_IDENTITY = "iPhone Developer";
				COPY_PHASE_STRIP = NO;
				DEBUG_INFORMATION_FORMAT = "dwarf-with-dsym";
				ENABLE_NS_ASSERTIONS = NO;
				ENABLE_STRICT_OBJC_MSGSEND = YES;
				GCC_C_LANGUAGE_STANDARD = gnu11;
				GCC_NO_COMMON_BLOCKS = YES;
				GCC_WARN_64_TO_32_BIT_CONVERSION = YES;
				GCC_WARN_ABOUT_RETURN_TYPE = YES_ERROR;
				GCC_WARN_UNDECLARED_SELECTOR = YES;
				GCC_WARN_UNINITIALIZED_AUTOS = YES_AGGRESSIVE;
				GCC_WARN_UNUSED_FUNCTION = YES;
				GCC_WARN_UNUSED_VARIABLE = YES;
				IPHONEOS_DEPLOYMENT_TARGET = 11.2;
				MTL_ENABLE_DEBUG_INFO = NO;
				SDKROOT = iphoneos;
				SWIFT_OPTIMIZATION_LEVEL = "-Owholemodule";
				VALIDATE_PRODUCT = YES;
			};
			name = Release;
		};
		A461BB982161E9AC000D635D /* Debug */ = {
			isa = XCBuildConfiguration;
			buildSettings = {
				ASSETCATALOG_COMPILER_APPICON_NAME = AppIcon;
				CODE_SIGN_STYLE = Automatic;
				DEVELOPMENT_TEAM = YHKB8C6MSB;
				INFOPLIST_FILE = stickyHeaderScrollView/Info.plist;
				LD_RUNPATH_SEARCH_PATHS = "$(inherited) @executable_path/Frameworks";
				PRODUCT_BUNDLE_IDENTIFIER = affixus.stickyHeaderScrollView;
				PRODUCT_NAME = "$(TARGET_NAME)";
				SWIFT_VERSION = 4.0;
				TARGETED_DEVICE_FAMILY = "1,2";
			};
			name = Debug;
		};
		A461BB992161E9AC000D635D /* Release */ = {
			isa = XCBuildConfiguration;
			buildSettings = {
				ASSETCATALOG_COMPILER_APPICON_NAME = AppIcon;
				CODE_SIGN_STYLE = Automatic;
				DEVELOPMENT_TEAM = YHKB8C6MSB;
				INFOPLIST_FILE = stickyHeaderScrollView/Info.plist;
				LD_RUNPATH_SEARCH_PATHS = "$(inherited) @executable_path/Frameworks";
				PRODUCT_BUNDLE_IDENTIFIER = affixus.stickyHeaderScrollView;
				PRODUCT_NAME = "$(TARGET_NAME)";
				SWIFT_VERSION = 4.0;
				TARGETED_DEVICE_FAMILY = "1,2";
			};
			name = Release;
		};
/* End XCBuildConfiguration section */

/* Begin XCConfigurationList section */
		A461BB802161E9AC000D635D /* Build configuration list for PBXProject "stickyHeaderScrollView" */ = {
			isa = XCConfigurationList;
			buildConfigurations = (
				A461BB952161E9AC000D635D /* Debug */,
				A461BB962161E9AC000D635D /* Release */,
			);
			defaultConfigurationIsVisible = 0;
			defaultConfigurationName = Release;
		};
		A461BB972161E9AC000D635D /* Build configuration list for PBXNativeTarget "stickyHeaderScrollView" */ = {
			isa = XCConfigurationList;
			buildConfigurations = (
				A461BB982161E9AC000D635D /* Debug */,
				A461BB992161E9AC000D635D /* Release */,
			);
			defaultConfigurationIsVisible = 0;
			defaultConfigurationName = Release;
		};
/* End XCConfigurationList section */
	};
	rootObject = A461BB7D2161E9AC000D635D /* Project object */;
}
